{
  "object": {
    "pins": [
      {
        "package": "SendBirdSDK",
        "repositoryURL": "https://github.com/sendbird/sendbird-ios-framework",
        "state": {
          "branch": null,
          "revision": "7ff7b393a25882869006c75bf8c59dd50b3ac260",
          "version": "3.1.13"
        }
      }
    ]
  },
  "version": 1
}
